[[package]]
category = "main"
description = "Python package for providing Mozilla's CA Bundle."
name = "certifi"
optional = false
python-versions = "*"
version = "2020.4.5.1"

[[package]]
category = "main"
description = "Foreign Function Interface for Python calling C code."
marker = "sys_platform == \"linux\""
name = "cffi"
optional = false
python-versions = "*"
version = "1.14.0"

[package.dependencies]
pycparser = "*"

[[package]]
category = "main"
description = "Universal encoding detector for Python 2 and 3"
name = "chardet"
optional = false
python-versions = "*"
version = "3.0.4"

[[package]]
category = "main"
description = "Composable command line interface toolkit"
name = "click"
optional = false
python-versions = ">=2.7, !=3.0.*, !=3.1.*, !=3.2.*, !=3.3.*, !=3.4.*"
version = "7.1.2"

[[package]]
category = "main"
description = "Extends click.Group to invoke a command without explicit subcommand name"
name = "click-default-group"
optional = false
python-versions = "*"
version = "1.2.2"

[package.dependencies]
click = "*"

[[package]]
category = "main"
description = "cryptography is a package which provides cryptographic recipes and primitives to Python developers."
marker = "sys_platform == \"linux\""
name = "cryptography"
optional = false
python-versions = ">=2.7,!=3.0.*,!=3.1.*,!=3.2.*,!=3.3.*,!=3.4.*"
version = "2.9.2"

[package.dependencies]
cffi = ">=1.8,<1.11.3 || >1.11.3"
six = ">=1.4.1"

[package.extras]
docs = ["sphinx (>=1.6.5,<1.8.0 || >1.8.0)", "sphinx-rtd-theme"]
docstest = ["doc8", "pyenchant (>=1.6.11)", "twine (>=1.12.0)", "sphinxcontrib-spelling (>=4.0.1)"]
idna = ["idna (>=2.1)"]
pep8test = ["flake8", "flake8-import-order", "pep8-naming"]
test = ["pytest (>=3.6.0,<3.9.0 || >3.9.0,<3.9.1 || >3.9.1,<3.9.2 || >3.9.2)", "pretend", "iso8601", "pytz", "hypothesis (>=1.11.4,<3.79.2 || >3.79.2)"]

[[package]]
category = "main"
description = "API wrapper for ETNA' APIs"
name = "etnawrapper"
optional = false
python-versions = "*"
version = "2.7.0"

[package.dependencies]
requests = "*"

[[package]]
category = "dev"
description = "the modular source code checker: pep8 pyflakes and co"
name = "flake8"
optional = false
python-versions = "!=3.0.*,!=3.1.*,!=3.2.*,!=3.3.*,>=2.7"
version = "3.8.2"

[package.dependencies]
mccabe = ">=0.6.0,<0.7.0"
pycodestyle = ">=2.6.0a1,<2.7.0"
pyflakes = ">=2.2.0,<2.3.0"

[package.dependencies.importlib-metadata]
python = "<3.8"
version = "*"

[[package]]
category = "main"
description = "Internationalized Domain Names in Applications (IDNA)"
name = "idna"
optional = false
python-versions = ">=2.7, !=3.0.*, !=3.1.*, !=3.2.*, !=3.3.*"
version = "2.9"

[[package]]
category = "main"
description = "Read metadata from Python packages"
marker = "python_version < \"3.8\""
name = "importlib-metadata"
optional = false
python-versions = "!=3.0.*,!=3.1.*,!=3.2.*,!=3.3.*,!=3.4.*,>=2.7"
version = "1.6.0"

[package.dependencies]
zipp = ">=0.5"

[package.extras]
docs = ["sphinx", "rst.linker"]
testing = ["packaging", "importlib-resources"]

[[package]]
category = "main"
description = "Low-level, pure Python DBus protocol wrapper."
marker = "sys_platform == \"linux\""
name = "jeepney"
optional = false
python-versions = ">=3.5"
version = "0.4.3"

[package.extras]
dev = ["testpath"]

[[package]]
category = "main"
description = "Store and access your passwords safely."
name = "keyring"
optional = false
python-versions = ">=3.6"
version = "21.2.1"

[package.dependencies]
SecretStorage = ">=3"
jeepney = ">=0.4.2"
pywin32-ctypes = "<0.1.0 || >0.1.0,<0.1.1 || >0.1.1"

[package.dependencies.importlib-metadata]
python = "<3.8"
version = "*"

[package.extras]
docs = ["sphinx", "jaraco.packaging (>=3.2)", "rst.linker (>=1.9)"]
testing = ["pytest (>=3.5,<3.7.3 || >3.7.3)", "pytest-checkdocs (>=1.2.3)", "pytest-flake8", "pytest-black (>=0.3.7)", "pytest-cov"]

[[package]]
category = "main"
description = "Kitchen contains a cornucopia of useful code"
name = "kitchen"
optional = false
python-versions = "*"
version = "1.2.6"

[[package]]
category = "dev"
description = "McCabe checker, plugin for flake8"
name = "mccabe"
optional = false
python-versions = "*"
version = "0.6.1"

[[package]]
category = "main"
description = "Python datetimes made easy"
name = "pendulum"
optional = false
python-versions = ">=2.7, !=3.0.*, !=3.1.*, !=3.2.*, !=3.3.*, !=3.4.*"
version = "2.1.0"

[package.dependencies]
python-dateutil = ">=2.6,<3.0"
pytzdata = ">=2018.3"

[[package]]
category = "dev"
description = "Python style guide checker"
name = "pycodestyle"
optional = false
python-versions = ">=2.7, !=3.0.*, !=3.1.*, !=3.2.*, !=3.3.*"
version = "2.6.0"

[[package]]
category = "main"
description = "C parser in Python"
marker = "sys_platform == \"linux\""
name = "pycparser"
optional = false
python-versions = ">=2.7, !=3.0.*, !=3.1.*, !=3.2.*, !=3.3.*"
version = "2.20"

[[package]]
category = "dev"
description = "passive checker of Python programs"
name = "pyflakes"
optional = false
python-versions = ">=2.7, !=3.0.*, !=3.1.*, !=3.2.*, !=3.3.*"
version = "2.2.0"

[[package]]
category = "main"
description = "Extensions to the standard Python datetime module"
name = "python-dateutil"
optional = false
python-versions = "!=3.0.*,!=3.1.*,!=3.2.*,>=2.7"
version = "2.8.1"

[package.dependencies]
six = ">=1.5"

[[package]]
category = "main"
description = "Interact with GitLab API"
name = "python-gitlab"
optional = false
python-versions = ">=3.6.0"
version = "2.2.0"

[package.dependencies]
requests = ">=2.22.0"

[package.extras]
autocompletion = ["argcomplete (>=1.10.0,<2)"]
yaml = ["PyYaml (>=5.2)"]

[[package]]
category = "main"
description = "World timezone definitions, modern and historical"
name = "pytz"
optional = false
python-versions = "*"
version = "2020.1"

[[package]]
category = "main"
description = "The Olson timezone database for Python."
name = "pytzdata"
optional = false
python-versions = ">=2.7, !=3.0.*, !=3.1.*, !=3.2.*, !=3.3.*"
version = "2019.3"

[[package]]
category = "main"
description = ""
marker = "sys_platform == \"win32\""
name = "pywin32-ctypes"
optional = false
python-versions = "*"
version = "0.2.0"

[[package]]
category = "main"
description = "Python HTTP for Humans."
name = "requests"
optional = false
python-versions = ">=2.7, !=3.0.*, !=3.1.*, !=3.2.*, !=3.3.*, !=3.4.*"
version = "2.23.0"

[package.dependencies]
certifi = ">=2017.4.17"
chardet = ">=3.0.2,<4"
idna = ">=2.5,<3"
urllib3 = ">=1.21.1,<1.25.0 || >1.25.0,<1.25.1 || >1.25.1,<1.26"

[package.extras]
security = ["pyOpenSSL (>=0.14)", "cryptography (>=1.3.4)"]
socks = ["PySocks (>=1.5.6,<1.5.7 || >1.5.7)", "win-inet-pton"]

[[package]]
category = "main"
description = "Python bindings to FreeDesktop.org Secret Service API"
marker = "sys_platform == \"linux\""
name = "secretstorage"
optional = false
python-versions = ">=3.5"
version = "3.1.2"

[package.dependencies]
cryptography = "*"
jeepney = ">=0.4.2"

[[package]]
category = "main"
description = "Python 2 and 3 compatibility utilities"
name = "six"
optional = false
python-versions = ">=2.7, !=3.0.*, !=3.1.*, !=3.2.*"
version = "1.15.0"

[[package]]
category = "main"
description = "Pretty-print tabular data"
name = "tabulate"
optional = false
python-versions = "*"
version = "0.8.7"

[package.extras]
widechars = ["wcwidth"]

[[package]]
category = "main"
description = "Python bindings for your taskwarrior database"
name = "taskw"
optional = false
python-versions = "*"
version = "1.2.0"

[package.dependencies]
kitchen = "*"
python-dateutil = "*"
pytz = "*"
six = "*"

[[package]]
category = "main"
description = "HTTP library with thread-safe connection pooling, file post, and more."
name = "urllib3"
optional = false
python-versions = ">=2.7, !=3.0.*, !=3.1.*, !=3.2.*, !=3.3.*, !=3.4.*, <4"
version = "1.25.9"

[package.extras]
brotli = ["brotlipy (>=0.6.0)"]
secure = ["certifi", "cryptography (>=1.3.4)", "idna (>=2.0.0)", "pyOpenSSL (>=0.14)", "ipaddress"]
socks = ["PySocks (>=1.5.6,<1.5.7 || >1.5.7,<2.0)"]

[[package]]
category = "main"
description = "Backport of pathlib-compatible object wrapper for zip files"
marker = "python_version < \"3.8\""
name = "zipp"
optional = false
python-versions = ">=3.6"
version = "3.1.0"

[package.extras]
docs = ["sphinx", "jaraco.packaging (>=3.2)", "rst.linker (>=1.9)"]
testing = ["jaraco.itertools", "func-timeout"]

[metadata]
content-hash = "4dbfa8da70f804348468b4fe0875a588dd83280bff81509feaf0bb58c96eede4"
python-versions = "^3.7"

[metadata.files]
certifi = [
    {file = "certifi-2020.4.5.1-py2.py3-none-any.whl", hash = "sha256:1d987a998c75633c40847cc966fcf5904906c920a7f17ef374f5aa4282abd304"},
    {file = "certifi-2020.4.5.1.tar.gz", hash = "sha256:51fcb31174be6e6664c5f69e3e1691a2d72a1a12e90f872cbdb1567eb47b6519"},
]
cffi = [
    {file = "cffi-1.14.0-cp27-cp27m-macosx_10_9_x86_64.whl", hash = "sha256:1cae98a7054b5c9391eb3249b86e0e99ab1e02bb0cc0575da191aedadbdf4384"},
    {file = "cffi-1.14.0-cp27-cp27m-manylinux1_i686.whl", hash = "sha256:cf16e3cf6c0a5fdd9bc10c21687e19d29ad1fe863372b5543deaec1039581a30"},
    {file = "cffi-1.14.0-cp27-cp27m-manylinux1_x86_64.whl", hash = "sha256:f2b0fa0c01d8a0c7483afd9f31d7ecf2d71760ca24499c8697aeb5ca37dc090c"},
    {file = "cffi-1.14.0-cp27-cp27m-win32.whl", hash = "sha256:99f748a7e71ff382613b4e1acc0ac83bf7ad167fb3802e35e90d9763daba4d78"},
    {file = "cffi-1.14.0-cp27-cp27m-win_amd64.whl", hash = "sha256:c420917b188a5582a56d8b93bdd8e0f6eca08c84ff623a4c16e809152cd35793"},
    {file = "cffi-1.14.0-cp27-cp27mu-manylinux1_i686.whl", hash = "sha256:399aed636c7d3749bbed55bc907c3288cb43c65c4389964ad5ff849b6370603e"},
    {file = "cffi-1.14.0-cp27-cp27mu-manylinux1_x86_64.whl", hash = "sha256:cab50b8c2250b46fe738c77dbd25ce017d5e6fb35d3407606e7a4180656a5a6a"},
    {file = "cffi-1.14.0-cp35-cp35m-macosx_10_9_x86_64.whl", hash = "sha256:001bf3242a1bb04d985d63e138230802c6c8d4db3668fb545fb5005ddf5bb5ff"},
    {file = "cffi-1.14.0-cp35-cp35m-manylinux1_i686.whl", hash = "sha256:e56c744aa6ff427a607763346e4170629caf7e48ead6921745986db3692f987f"},
    {file = "cffi-1.14.0-cp35-cp35m-manylinux1_x86_64.whl", hash = "sha256:b8c78301cefcf5fd914aad35d3c04c2b21ce8629b5e4f4e45ae6812e461910fa"},
    {file = "cffi-1.14.0-cp35-cp35m-win32.whl", hash = "sha256:8c0ffc886aea5df6a1762d0019e9cb05f825d0eec1f520c51be9d198701daee5"},
    {file = "cffi-1.14.0-cp35-cp35m-win_amd64.whl", hash = "sha256:8a6c688fefb4e1cd56feb6c511984a6c4f7ec7d2a1ff31a10254f3c817054ae4"},
    {file = "cffi-1.14.0-cp36-cp36m-macosx_10_9_x86_64.whl", hash = "sha256:95cd16d3dee553f882540c1ffe331d085c9e629499ceadfbda4d4fde635f4b7d"},
    {file = "cffi-1.14.0-cp36-cp36m-manylinux1_i686.whl", hash = "sha256:66e41db66b47d0d8672d8ed2708ba91b2f2524ece3dee48b5dfb36be8c2f21dc"},
    {file = "cffi-1.14.0-cp36-cp36m-manylinux1_x86_64.whl", hash = "sha256:028a579fc9aed3af38f4892bdcc7390508adabc30c6af4a6e4f611b0c680e6ac"},
    {file = "cffi-1.14.0-cp36-cp36m-win32.whl", hash = "sha256:cef128cb4d5e0b3493f058f10ce32365972c554572ff821e175dbc6f8ff6924f"},
    {file = "cffi-1.14.0-cp36-cp36m-win_amd64.whl", hash = "sha256:337d448e5a725bba2d8293c48d9353fc68d0e9e4088d62a9571def317797522b"},
    {file = "cffi-1.14.0-cp37-cp37m-macosx_10_9_x86_64.whl", hash = "sha256:e577934fc5f8779c554639376beeaa5657d54349096ef24abe8c74c5d9c117c3"},
    {file = "cffi-1.14.0-cp37-cp37m-manylinux1_i686.whl", hash = "sha256:62ae9af2d069ea2698bf536dcfe1e4eed9090211dbaafeeedf5cb6c41b352f66"},
    {file = "cffi-1.14.0-cp37-cp37m-manylinux1_x86_64.whl", hash = "sha256:14491a910663bf9f13ddf2bc8f60562d6bc5315c1f09c704937ef17293fb85b0"},
    {file = "cffi-1.14.0-cp37-cp37m-win32.whl", hash = "sha256:c43866529f2f06fe0edc6246eb4faa34f03fe88b64a0a9a942561c8e22f4b71f"},
    {file = "cffi-1.14.0-cp37-cp37m-win_amd64.whl", hash = "sha256:2089ed025da3919d2e75a4d963d008330c96751127dd6f73c8dc0c65041b4c26"},
    {file = "cffi-1.14.0-cp38-cp38-macosx_10_9_x86_64.whl", hash = "sha256:3b911c2dbd4f423b4c4fcca138cadde747abdb20d196c4a48708b8a2d32b16dd"},
    {file = "cffi-1.14.0-cp38-cp38-manylinux1_i686.whl", hash = "sha256:7e63cbcf2429a8dbfe48dcc2322d5f2220b77b2e17b7ba023d6166d84655da55"},
    {file = "cffi-1.14.0-cp38-cp38-manylinux1_x86_64.whl", hash = "sha256:3d311bcc4a41408cf5854f06ef2c5cab88f9fded37a3b95936c9879c1640d4c2"},
    {file = "cffi-1.14.0-cp38-cp38-win32.whl", hash = "sha256:675686925a9fb403edba0114db74e741d8181683dcf216be697d208857e04ca8"},
    {file = "cffi-1.14.0-cp38-cp38-win_amd64.whl", hash = "sha256:00789914be39dffba161cfc5be31b55775de5ba2235fe49aa28c148236c4e06b"},
    {file = "cffi-1.14.0.tar.gz", hash = "sha256:2d384f4a127a15ba701207f7639d94106693b6cd64173d6c8988e2c25f3ac2b6"},
]
chardet = [
    {file = "chardet-3.0.4-py2.py3-none-any.whl", hash = "sha256:fc323ffcaeaed0e0a02bf4d117757b98aed530d9ed4531e3e15460124c106691"},
    {file = "chardet-3.0.4.tar.gz", hash = "sha256:84ab92ed1c4d4f16916e05906b6b75a6c0fb5db821cc65e70cbd64a3e2a5eaae"},
]
click = [
    {file = "click-7.1.2-py2.py3-none-any.whl", hash = "sha256:dacca89f4bfadd5de3d7489b7c8a566eee0d3676333fbb50030263894c38c0dc"},
    {file = "click-7.1.2.tar.gz", hash = "sha256:d2b5255c7c6349bc1bd1e59e08cd12acbbd63ce649f2588755783aa94dfb6b1a"},
]
click-default-group = [
    {file = "click-default-group-1.2.2.tar.gz", hash = "sha256:d9560e8e8dfa44b3562fbc9425042a0fd6d21956fcc2db0077f63f34253ab904"},
]
cryptography = [
    {file = "cryptography-2.9.2-cp27-cp27m-macosx_10_9_x86_64.whl", hash = "sha256:daf54a4b07d67ad437ff239c8a4080cfd1cc7213df57d33c97de7b4738048d5e"},
    {file = "cryptography-2.9.2-cp27-cp27m-manylinux1_x86_64.whl", hash = "sha256:3b3eba865ea2754738616f87292b7f29448aec342a7c720956f8083d252bf28b"},
    {file = "cryptography-2.9.2-cp27-cp27m-manylinux2010_x86_64.whl", hash = "sha256:c447cf087cf2dbddc1add6987bbe2f767ed5317adb2d08af940db517dd704365"},
    {file = "cryptography-2.9.2-cp27-cp27m-win32.whl", hash = "sha256:f118a95c7480f5be0df8afeb9a11bd199aa20afab7a96bcf20409b411a3a85f0"},
    {file = "cryptography-2.9.2-cp27-cp27m-win_amd64.whl", hash = "sha256:c4fd17d92e9d55b84707f4fd09992081ba872d1a0c610c109c18e062e06a2e55"},
    {file = "cryptography-2.9.2-cp27-cp27mu-manylinux1_x86_64.whl", hash = "sha256:d0d5aeaedd29be304848f1c5059074a740fa9f6f26b84c5b63e8b29e73dfc270"},
    {file = "cryptography-2.9.2-cp27-cp27mu-manylinux2010_x86_64.whl", hash = "sha256:1e4014639d3d73fbc5ceff206049c5a9a849cefd106a49fa7aaaa25cc0ce35cf"},
    {file = "cryptography-2.9.2-cp35-abi3-macosx_10_9_x86_64.whl", hash = "sha256:96c080ae7118c10fcbe6229ab43eb8b090fccd31a09ef55f83f690d1ef619a1d"},
    {file = "cryptography-2.9.2-cp35-abi3-manylinux1_x86_64.whl", hash = "sha256:e993468c859d084d5579e2ebee101de8f5a27ce8e2159959b6673b418fd8c785"},
    {file = "cryptography-2.9.2-cp35-abi3-manylinux2010_x86_64.whl", hash = "sha256:88c881dd5a147e08d1bdcf2315c04972381d026cdb803325c03fe2b4a8ed858b"},
    {file = "cryptography-2.9.2-cp35-cp35m-win32.whl", hash = "sha256:651448cd2e3a6bc2bb76c3663785133c40d5e1a8c1a9c5429e4354201c6024ae"},
    {file = "cryptography-2.9.2-cp35-cp35m-win_amd64.whl", hash = "sha256:726086c17f94747cedbee6efa77e99ae170caebeb1116353c6cf0ab67ea6829b"},
    {file = "cryptography-2.9.2-cp36-cp36m-win32.whl", hash = "sha256:091d31c42f444c6f519485ed528d8b451d1a0c7bf30e8ca583a0cac44b8a0df6"},
    {file = "cryptography-2.9.2-cp36-cp36m-win_amd64.whl", hash = "sha256:bb1f0281887d89617b4c68e8db9a2c42b9efebf2702a3c5bf70599421a8623e3"},
    {file = "cryptography-2.9.2-cp37-cp37m-win32.whl", hash = "sha256:18452582a3c85b96014b45686af264563e3e5d99d226589f057ace56196ec78b"},
    {file = "cryptography-2.9.2-cp37-cp37m-win_amd64.whl", hash = "sha256:22e91636a51170df0ae4dcbd250d318fd28c9f491c4e50b625a49964b24fe46e"},
    {file = "cryptography-2.9.2-cp38-cp38-win32.whl", hash = "sha256:844a76bc04472e5135b909da6aed84360f522ff5dfa47f93e3dd2a0b84a89fa0"},
    {file = "cryptography-2.9.2-cp38-cp38-win_amd64.whl", hash = "sha256:1dfa985f62b137909496e7fc182dac687206d8d089dd03eaeb28ae16eec8e7d5"},
    {file = "cryptography-2.9.2.tar.gz", hash = "sha256:a0c30272fb4ddda5f5ffc1089d7405b7a71b0b0f51993cb4e5dbb4590b2fc229"},
]
etnawrapper = [
    {file = "etnawrapper-2.7.0.tar.gz", hash = "sha256:fc7c5792f10605bc4e9dda0e88227aee743fac3b4a40a94ddea090e6e7a2b422"},
]
flake8 = [
    {file = "flake8-3.8.2-py2.py3-none-any.whl", hash = "sha256:ccaa799ef9893cebe69fdfefed76865aeaefbb94cb8545617b2298786a4de9a5"},
    {file = "flake8-3.8.2.tar.gz", hash = "sha256:c69ac1668e434d37a2d2880b3ca9aafd54b3a10a3ac1ab101d22f29e29cf8634"},
]
idna = [
    {file = "idna-2.9-py2.py3-none-any.whl", hash = "sha256:a068a21ceac8a4d63dbfd964670474107f541babbd2250d61922f029858365fa"},
    {file = "idna-2.9.tar.gz", hash = "sha256:7588d1c14ae4c77d74036e8c22ff447b26d0fde8f007354fd48a7814db15b7cb"},
]
importlib-metadata = [
    {file = "importlib_metadata-1.6.0-py2.py3-none-any.whl", hash = "sha256:2a688cbaa90e0cc587f1df48bdc97a6eadccdcd9c35fb3f976a09e3b5016d90f"},
    {file = "importlib_metadata-1.6.0.tar.gz", hash = "sha256:34513a8a0c4962bc66d35b359558fd8a5e10cd472d37aec5f66858addef32c1e"},
]
jeepney = [
    {file = "jeepney-0.4.3-py3-none-any.whl", hash = "sha256:d6c6b49683446d2407d2fe3acb7a368a77ff063f9182fe427da15d622adc24cf"},
    {file = "jeepney-0.4.3.tar.gz", hash = "sha256:3479b861cc2b6407de5188695fa1a8d57e5072d7059322469b62628869b8e36e"},
]
keyring = [
    {file = "keyring-21.2.1-py3-none-any.whl", hash = "sha256:3401234209015144a5d75701e71cb47239e552b0882313e9f51e8976f9e27843"},
    {file = "keyring-21.2.1.tar.gz", hash = "sha256:c53e0e5ccde3ad34284a40ce7976b5b3a3d6de70344c3f8ee44364cc340976ec"},
]
kitchen = [
    {file = "kitchen-1.2.6.tar.gz", hash = "sha256:b84cf582f1bd1556b60ebc7370b9d331eb9247b6b070ce89dfe959cba2c0b03c"},
]
mccabe = [
    {file = "mccabe-0.6.1-py2.py3-none-any.whl", hash = "sha256:ab8a6258860da4b6677da4bd2fe5dc2c659cff31b3ee4f7f5d64e79735b80d42"},
    {file = "mccabe-0.6.1.tar.gz", hash = "sha256:dd8d182285a0fe56bace7f45b5e7d1a6ebcbf524e8f3bd87eb0f125271b8831f"},
]
pendulum = [
    {file = "pendulum-2.1.0-cp27-cp27m-macosx_10_13_x86_64.whl", hash = "sha256:9eda38ff65b1f297d860d3f562480e048673fb4b81fdd5c8c55decb519b97ed2"},
    {file = "pendulum-2.1.0-cp27-cp27m-win_amd64.whl", hash = "sha256:70007aebc4494163f8705909a1996ce21ab853801b57fba4c2dd53c3df5c38f0"},
    {file = "pendulum-2.1.0-cp35-cp35m-macosx_10_13_x86_64.whl", hash = "sha256:575934b65b298eeb99c5a5b1673c945fc5c99e2b56caff772a91bc4b1eba7b82"},
    {file = "pendulum-2.1.0-cp35-cp35m-manylinux1_i686.whl", hash = "sha256:d42d1e870541eeaf3fe0500aac0c76a85bd4bd53ebed74f9a7daf8f01ac77374"},
    {file = "pendulum-2.1.0-cp35-cp35m-manylinux1_x86_64.whl", hash = "sha256:ff7f3420de0c0cf21c1fc813d581fcfa4a1fb6d87f09485880b3e1204eb9cdd7"},
    {file = "pendulum-2.1.0-cp35-cp35m-win_amd64.whl", hash = "sha256:ac3c6a992beeb4c9bd90c317a1bb2a6cba159b49a49b6dd3c86b5bacb86f3d50"},
    {file = "pendulum-2.1.0-cp36-cp36m-macosx_10_13_x86_64.whl", hash = "sha256:75a62e3f98499283fafe8ef4b44f81052e84825b00a0b64609dd8a06985382b9"},
    {file = "pendulum-2.1.0-cp36-cp36m-manylinux1_i686.whl", hash = "sha256:a79a72a7fd1092a7c69ddd8580a0be5365ded40c9f9c865623c7665742e3b888"},
    {file = "pendulum-2.1.0-cp36-cp36m-manylinux1_x86_64.whl", hash = "sha256:701127e1f0ff7c253cc0c07f29becc5f9210547914e0bbe59ffd9fa064d7c3c8"},
    {file = "pendulum-2.1.0-cp36-cp36m-win_amd64.whl", hash = "sha256:816e01dcb0ba4ffcf2ceaafe4d644174fea680361e909f6f8ba0a4fdb2ccae24"},
    {file = "pendulum-2.1.0-cp37-cp37m-macosx_10_13_x86_64.whl", hash = "sha256:edd00e6b43698762e10bfda508cc9c06bad88c0703a9b37e412aec1189e06e23"},
    {file = "pendulum-2.1.0-cp37-cp37m-manylinux1_i686.whl", hash = "sha256:4420e058110740a8193fb0709350dfc6ac790a99c345fc4e92e24df0f834ddcb"},
    {file = "pendulum-2.1.0-cp37-cp37m-manylinux1_x86_64.whl", hash = "sha256:aa560bd39d94f3889646422f1e65b8dfd025bf6288d43e5c2e31d4f972aaf2e4"},
    {file = "pendulum-2.1.0-cp37-cp37m-win_amd64.whl", hash = "sha256:2788945a0111d5325fd27ae3e3b18b741e440d20bdb7d4ea22fce7c9a4fbbf40"},
    {file = "pendulum-2.1.0-cp38-cp38-macosx_10_13_x86_64.whl", hash = "sha256:eb7e349bb2d1b2b418d094e2179d6768561e8242fd8cb640b5aaba735f3e91d1"},
    {file = "pendulum-2.1.0-cp38-cp38-manylinux1_i686.whl", hash = "sha256:6cf0f876cd088ee1578266f4231121376747aa90c3ed3b8e212a8344a9920061"},
    {file = "pendulum-2.1.0-cp38-cp38-manylinux1_x86_64.whl", hash = "sha256:aa13ddea12fd871d3191f633f08090b91ea2e80fb0ed50a7a149add7f680b12d"},
    {file = "pendulum-2.1.0-cp38-cp38m-win_amd64.whl", hash = "sha256:0cbbd4f30c69a283690d9ed8e58e44a990e067e59ee05b5ef55d022b38659aeb"},
    {file = "pendulum-2.1.0.tar.gz", hash = "sha256:093cab342e10516660e64b935a6da1a043e0286de36cc229fb48471415981ffe"},
]
pycodestyle = [
    {file = "pycodestyle-2.6.0-py2.py3-none-any.whl", hash = "sha256:2295e7b2f6b5bd100585ebcb1f616591b652db8a741695b3d8f5d28bdc934367"},
    {file = "pycodestyle-2.6.0.tar.gz", hash = "sha256:c58a7d2815e0e8d7972bf1803331fb0152f867bd89adf8a01dfd55085434192e"},
]
pycparser = [
    {file = "pycparser-2.20-py2.py3-none-any.whl", hash = "sha256:7582ad22678f0fcd81102833f60ef8d0e57288b6b5fb00323d101be910e35705"},
    {file = "pycparser-2.20.tar.gz", hash = "sha256:2d475327684562c3a96cc71adf7dc8c4f0565175cf86b6d7a404ff4c771f15f0"},
]
pyflakes = [
    {file = "pyflakes-2.2.0-py2.py3-none-any.whl", hash = "sha256:0d94e0e05a19e57a99444b6ddcf9a6eb2e5c68d3ca1e98e90707af8152c90a92"},
    {file = "pyflakes-2.2.0.tar.gz", hash = "sha256:35b2d75ee967ea93b55750aa9edbbf72813e06a66ba54438df2cfac9e3c27fc8"},
]
python-dateutil = [
    {file = "python-dateutil-2.8.1.tar.gz", hash = "sha256:73ebfe9dbf22e832286dafa60473e4cd239f8592f699aa5adaf10050e6e1823c"},
    {file = "python_dateutil-2.8.1-py2.py3-none-any.whl", hash = "sha256:75bb3f31ea686f1197762692a9ee6a7550b59fc6ca3a1f4b5d7e32fb98e2da2a"},
]
python-gitlab = [
    {file = "python-gitlab-2.2.0.tar.gz", hash = "sha256:4c4ea60c8303f4214522b18038df017cae35afda7474efa0b4e19c2e73bc3ae2"},
    {file = "python_gitlab-2.2.0-py3-none-any.whl", hash = "sha256:4e1de6612ed1a5611e4bbcf1f2193ac870d928097663b55789888506de0b099f"},
]
pytz = [
    {file = "pytz-2020.1-py2.py3-none-any.whl", hash = "sha256:a494d53b6d39c3c6e44c3bec237336e14305e4f29bbf800b599253057fbb79ed"},
    {file = "pytz-2020.1.tar.gz", hash = "sha256:c35965d010ce31b23eeb663ed3cc8c906275d6be1a34393a1d73a41febf4a048"},
]
pytzdata = [
    {file = "pytzdata-2019.3-py2.py3-none-any.whl", hash = "sha256:84c52b9a47d097fcd483f047a544979de6c3a86e94c845e3569e9f8acd0fa071"},
    {file = "pytzdata-2019.3.tar.gz", hash = "sha256:fac06f7cdfa903188dc4848c655e4adaee67ee0f2fe08e7daf815cf2a761ee5e"},
]
pywin32-ctypes = [
    {file = "pywin32-ctypes-0.2.0.tar.gz", hash = "sha256:24ffc3b341d457d48e8922352130cf2644024a4ff09762a2261fd34c36ee5942"},
    {file = "pywin32_ctypes-0.2.0-py2.py3-none-any.whl", hash = "sha256:9dc2d991b3479cc2df15930958b674a48a227d5361d413827a4cfd0b5876fc98"},
]
requests = [
    {file = "requests-2.23.0-py2.py3-none-any.whl", hash = "sha256:43999036bfa82904b6af1d99e4882b560e5e2c68e5c4b0aa03b655f3d7d73fee"},
    {file = "requests-2.23.0.tar.gz", hash = "sha256:b3f43d496c6daba4493e7c431722aeb7dbc6288f52a6e04e7b6023b0247817e6"},
]
secretstorage = [
    {file = "SecretStorage-3.1.2-py3-none-any.whl", hash = "sha256:b5ec909dde94d4ae2fa26af7c089036997030f0cf0a5cb372b4cccabd81c143b"},
    {file = "SecretStorage-3.1.2.tar.gz", hash = "sha256:15da8a989b65498e29be338b3b279965f1b8f09b9668bd8010da183024c8bff6"},
]
six = [
    {file = "six-1.15.0-py2.py3-none-any.whl", hash = "sha256:8b74bedcbbbaca38ff6d7491d76f2b06b3592611af620f8426e82dddb04a5ced"},
    {file = "six-1.15.0.tar.gz", hash = "sha256:30639c035cdb23534cd4aa2dd52c3bf48f06e5f4a941509c8bafd8ce11080259"},
]
tabulate = [
    {file = "tabulate-0.8.7-py3-none-any.whl", hash = "sha256:ac64cb76d53b1231d364babcd72abbb16855adac7de6665122f97b593f1eb2ba"},
    {file = "tabulate-0.8.7.tar.gz", hash = "sha256:db2723a20d04bcda8522165c73eea7c300eda74e0ce852d9022e0159d7895007"},
]
taskw = [
    {file = "taskw-1.2.0.tar.gz", hash = "sha256:fadd8afc12df026c3c2d39b633c55d3337f7dca95602fce2239455a048bc85fe"},
]
urllib3 = [
    {file = "urllib3-1.25.9-py2.py3-none-any.whl", hash = "sha256:88206b0eb87e6d677d424843ac5209e3fb9d0190d0ee169599165ec25e9d9115"},
    {file = "urllib3-1.25.9.tar.gz", hash = "sha256:3018294ebefce6572a474f0604c2021e33b3fd8006ecd11d62107a5d2a963527"},
]
zipp = [
    {file = "zipp-3.1.0-py3-none-any.whl", hash = "sha256:aa36550ff0c0b7ef7fa639055d797116ee891440eac1a56f378e2d3179e0320b"},
    {file = "zipp-3.1.0.tar.gz", hash = "sha256:c599e4d75c98f6798c509911d08a22e6c021d074469042177c8c86fb92eefd96"},
]
